[[package]]
name = "absl-py"
version = "0.14.1"
description = "Abseil Python Common Libraries, see https://github.com/abseil/abseil-py."
category = "main"
optional = false
python-versions = "*"

[package.dependencies]
six = "*"

[[package]]
name = "astor"
version = "0.8.1"
description = "Read/rewrite/write Python ASTs"
category = "main"
optional = false
python-versions = "!=3.0.*,!=3.1.*,!=3.2.*,!=3.3.*,>=2.7"

[[package]]
name = "click"
version = "8.0.3"
description = "Composable command line interface toolkit"
category = "main"
optional = false
python-versions = ">=3.6"

[package.dependencies]
colorama = {version = "*", markers = "platform_system == \"Windows\""}

[[package]]
name = "colorama"
version = "0.4.4"
description = "Cross-platform colored terminal text."
category = "main"
optional = false
python-versions = ">=2.7, !=3.0.*, !=3.1.*, !=3.2.*, !=3.3.*, !=3.4.*"

[[package]]
name = "gast"
version = "0.2.2"
description = "Python AST that abstracts the underlying Python version"
category = "main"
optional = false
python-versions = ">=2.7, !=3.0.*, !=3.1.*, !=3.2.*, !=3.3.*"

[[package]]
name = "google-pasta"
version = "0.2.0"
description = "pasta is an AST-based Python refactoring library"
category = "main"
optional = false
python-versions = "*"

[package.dependencies]
six = "*"

[[package]]
name = "grpcio"
version = "1.41.0"
description = "HTTP/2-based RPC framework"
category = "main"
optional = false
python-versions = "*"

[package.dependencies]
six = ">=1.5.2"

[package.extras]
protobuf = ["grpcio-tools (>=1.41.0)"]

[[package]]
name = "h5py"
version = "3.1.0"
description = "Read and write HDF5 files from Python"
category = "main"
optional = false
python-versions = ">=3.6"

[package.dependencies]
numpy = [
    {version = ">=1.17.5", markers = "python_version == \"3.8\""},
    {version = ">=1.19.3", markers = "python_version >= \"3.9\""},
]

[[package]]
name = "keras-applications"
version = "1.0.8"
description = "Reference implementations of popular deep learning models"
category = "main"
optional = false
python-versions = "*"

[package.dependencies]
h5py = "*"
numpy = ">=1.9.1"

[package.extras]
tests = ["pytest", "pytest-pep8", "pytest-xdist", "pytest-cov"]

[[package]]
name = "keras-preprocessing"
version = "1.1.2"
description = "Easy data preprocessing and data augmentation for deep learning models"
category = "main"
optional = false
python-versions = "*"

[package.dependencies]
numpy = ">=1.9.1"
six = ">=1.9.0"

[package.extras]
image = ["scipy (>=0.14)", "Pillow (>=5.2.0)"]
pep8 = ["flake8"]
tests = ["pandas", "pillow", "tensorflow", "keras", "pytest", "pytest-xdist", "pytest-cov"]

[[package]]
name = "markdown"
version = "3.3.4"
description = "Python implementation of Markdown."
category = "main"
optional = false
python-versions = ">=3.6"

[package.extras]
testing = ["coverage", "pyyaml"]

[[package]]
name = "numpy"
version = "1.21.1"
description = "NumPy is the fundamental package for array computing with Python."
category = "main"
optional = false
python-versions = ">=3.7"

[[package]]
name = "opencv-python"
version = "4.5.3.56"
description = "Wrapper package for OpenCV python bindings."
category = "main"
optional = false
python-versions = ">=3.6"

[package.dependencies]
numpy = ">=1.21.0"

[[package]]
name = "opt-einsum"
version = "3.3.0"
description = "Optimizing numpys einsum function"
category = "main"
optional = false
python-versions = ">=3.5"

[package.dependencies]
numpy = ">=1.7"

[package.extras]
docs = ["sphinx (==1.2.3)", "sphinxcontrib-napoleon", "sphinx-rtd-theme", "numpydoc"]
tests = ["pytest", "pytest-cov", "pytest-pep8"]

[[package]]
name = "protobuf"
version = "3.18.1"
description = "Protocol Buffers"
category = "main"
optional = false
python-versions = ">=3.5"

[[package]]
name = "six"
version = "1.15.0"
description = "Python 2 and 3 compatibility utilities"
category = "main"
optional = false
python-versions = ">=2.7, !=3.0.*, !=3.1.*, !=3.2.*"

[[package]]
name = "tensorboard"
version = "1.15.0"
description = "TensorBoard lets you watch Tensors Flow"
category = "main"
optional = false
python-versions = ">= 2.7, != 3.0.*, != 3.1.*"

[package.dependencies]
absl-py = ">=0.4"
grpcio = ">=1.6.3"
markdown = ">=2.6.8"
numpy = ">=1.12.0"
protobuf = ">=3.6.0"
six = ">=1.10.0"
werkzeug = ">=0.11.15"

[[package]]
name = "tensorflow-estimator"
version = "1.15.1"
description = "TensorFlow Estimator."
category = "main"
optional = false
python-versions = "*"

[[package]]
name = "tensorflow-gpu"
version = "1.15.3"
description = "TensorFlow is an open source machine learning framework for everyone."
category = "main"
optional = false
python-versions = "*"

[package.dependencies]
absl-py = ">=0.7.0"
astor = ">=0.6.0"
gast = "0.2.2"
google-pasta = ">=0.1.6"
grpcio = ">=1.8.6"
keras-applications = ">=1.0.8"
keras-preprocessing = ">=1.0.5"
numpy = ">=1.16.0,<2.0"
opt-einsum = ">=2.3.2"
protobuf = ">=3.6.1"
six = ">=1.10.0"
tensorboard = ">=1.15.0,<1.16.0"
tensorflow-estimator = "1.15.1"
termcolor = ">=1.1.0"
wrapt = ">=1.11.1"

[[package]]
name = "termcolor"
version = "1.1.0"
description = "ANSII Color formatting for output in terminal."
category = "main"
optional = false
python-versions = "*"

[[package]]
name = "werkzeug"
version = "2.0.2"
description = "The comprehensive WSGI web application library."
category = "main"
optional = false
python-versions = ">=3.6"

[package.extras]
watchdog = ["watchdog"]

[[package]]
name = "wrapt"
version = "1.12.1"
description = "Module for decorators, wrappers and monkey patching."
category = "main"
optional = false
python-versions = "*"

[metadata]
lock-version = "1.1"
python-versions = "^3.8"
content-hash = "dcad64254b4c64f8739e9c023c4349f6bf7d6dc5d14b5d88106bcac24bfb1c38"

[metadata.files]
absl-py = [
    {file = "absl-py-0.14.1.tar.gz", hash = "sha256:eb0383bd431c0d7b2320179904cab00120a10977e3c9671d99efbbed17efb55a"},
    {file = "absl_py-0.14.1-py3-none-any.whl", hash = "sha256:565a2c1be855e466e697e1be6b9876c2435dda926954d1de4abf0d592561ece8"},
]
astor = [
    {file = "astor-0.8.1-py2.py3-none-any.whl", hash = "sha256:070a54e890cefb5b3739d19f30f5a5ec840ffc9c50ffa7d23cc9fc1a38ebbfc5"},
    {file = "astor-0.8.1.tar.gz", hash = "sha256:6a6effda93f4e1ce9f618779b2dd1d9d84f1e32812c23a29b3fff6fd7f63fa5e"},
]
click = [
    {file = "click-8.0.3-py3-none-any.whl", hash = "sha256:353f466495adaeb40b6b5f592f9f91cb22372351c84caeb068132442a4518ef3"},
    {file = "click-8.0.3.tar.gz", hash = "sha256:410e932b050f5eed773c4cda94de75971c89cdb3155a72a0831139a79e5ecb5b"},
]
colorama = [
    {file = "colorama-0.4.4-py2.py3-none-any.whl", hash = "sha256:9f47eda37229f68eee03b24b9748937c7dc3868f906e8ba69fbcbdd3bc5dc3e2"},
    {file = "colorama-0.4.4.tar.gz", hash = "sha256:5941b2b48a20143d2267e95b1c2a7603ce057ee39fd88e7329b0c292aa16869b"},
]
gast = [
    {file = "gast-0.2.2.tar.gz", hash = "sha256:fe939df4583692f0512161ec1c880e0a10e71e6a232da045ab8edd3756fbadf0"},
]
google-pasta = [
    {file = "google-pasta-0.2.0.tar.gz", hash = "sha256:c9f2c8dfc8f96d0d5808299920721be30c9eec37f2389f28904f454565c8a16e"},
    {file = "google_pasta-0.2.0-py2-none-any.whl", hash = "sha256:4612951da876b1a10fe3960d7226f0c7682cf901e16ac06e473b267a5afa8954"},
    {file = "google_pasta-0.2.0-py3-none-any.whl", hash = "sha256:b32482794a366b5366a32c92a9a9201b107821889935a02b3e51f6b432ea84ed"},
]
grpcio = [
    {file = "grpcio-1.41.0-cp310-cp310-linux_armv7l.whl", hash = "sha256:9ecd0fc34aa46eeac24f4d20e67bafaf72ca914f99690bf2898674905eaddaf9"},
    {file = "grpcio-1.41.0-cp310-cp310-macosx_10_10_universal2.whl", hash = "sha256:d539ebd05a2bbfbf897d41738d37d162d5c3d9f2b1f8ddf2c4f75e2c9cf59907"},
    {file = "grpcio-1.41.0-cp310-cp310-manylinux_2_17_aarch64.whl", hash = "sha256:2410000eb57cf76b05b37d2aee270b686f0a7876710850a2bba92b4ed133e026"},
    {file = "grpcio-1.41.0-cp310-cp310-manylinux_2_17_i686.manylinux2014_i686.whl", hash = "sha256:be3c6ac822edb509aeef41361ca9c8c5ee52cb9e4973e1977d2bb7d6a460fd97"},
    {file = "grpcio-1.41.0-cp310-cp310-manylinux_2_17_x86_64.manylinux2014_x86_64.whl", hash = "sha256:a0c4bdd1d646365d10ba1468bcf234ea5ad46e8ce2b115983e8563248614910a"},
    {file = "grpcio-1.41.0-cp310-cp310-win32.whl", hash = "sha256:7033199706526e7ee06a362e38476dfdf2ddbad625c19b67ed30411d1bb25a18"},
    {file = "grpcio-1.41.0-cp310-cp310-win_amd64.whl", hash = "sha256:fb64abf0d92134cb0ba4496a3b7ab918588eee42de20e5b3507fe6ee16db97ee"},
    {file = "grpcio-1.41.0-cp36-cp36m-linux_armv7l.whl", hash = "sha256:b6b68c444abbaf4a2b944a61cf35726ab9645f45d416bcc7cf4addc4b2f2d53d"},
    {file = "grpcio-1.41.0-cp36-cp36m-macosx_10_10_x86_64.whl", hash = "sha256:5292a627b44b6d3065de4a364ead23bab3c9d7a7c05416a9de0c0624d0fe03f4"},
    {file = "grpcio-1.41.0-cp36-cp36m-manylinux2010_i686.whl", hash = "sha256:1820845e7e6410240eff97742e9f76cd5bf10ca01d36a322e86c0bd5340ac25b"},
    {file = "grpcio-1.41.0-cp36-cp36m-manylinux2010_x86_64.whl", hash = "sha256:462178987f0e5c60d6d1b79e4e95803a4cd789db961d6b3f087245906bb5ae04"},
    {file = "grpcio-1.41.0-cp36-cp36m-manylinux_2_17_aarch64.whl", hash = "sha256:7b07cbbd4eea56738e995fcbba3b60e41fd9aa9dac937fb7985c5dcbc7626260"},
    {file = "grpcio-1.41.0-cp36-cp36m-manylinux_2_17_i686.manylinux2014_i686.whl", hash = "sha256:3a92e4df5330cd384984e04804104ae34f521345917813aa86fc0930101a3697"},
    {file = "grpcio-1.41.0-cp36-cp36m-manylinux_2_17_x86_64.manylinux2014_x86_64.whl", hash = "sha256:ccd2f1cf11768d1f6fbe4e13e8b8fb0ccfe9914ceeff55a367d5571e82eeb543"},
    {file = "grpcio-1.41.0-cp36-cp36m-win32.whl", hash = "sha256:59645b2d9f19b5ff30cb46ddbcaa09c398f9cd81e4e476b21c7c55ae1e942807"},
    {file = "grpcio-1.41.0-cp36-cp36m-win_amd64.whl", hash = "sha256:0abd56d90dff3ed566807520de1385126dded21e62d3490a34c180a91f94c1f4"},
    {file = "grpcio-1.41.0-cp37-cp37m-linux_armv7l.whl", hash = "sha256:9674a9d3f23702e35a89e22504f41b467893cf704f627cc9cdd118cf1dcc8e26"},
    {file = "grpcio-1.41.0-cp37-cp37m-macosx_10_10_x86_64.whl", hash = "sha256:c95dd6e60e059ff770a2ac9f5a202b75dd64d76b0cd0c48f27d58907e43ed6a6"},
    {file = "grpcio-1.41.0-cp37-cp37m-manylinux2010_i686.whl", hash = "sha256:a3cd7f945d3e3b82ebd2a4c9862eb9891a5ac87f84a7db336acbeafd86e6c402"},
    {file = "grpcio-1.41.0-cp37-cp37m-manylinux2010_x86_64.whl", hash = "sha256:c07acd49541f5f6f9984fe0adf162d77bf70e0f58e77f9960c6f571314ff63a4"},
    {file = "grpcio-1.41.0-cp37-cp37m-manylinux_2_17_aarch64.whl", hash = "sha256:7da3f6f6b857399c9ad85bcbffc83189e547a0a1a777ab68f5385154f8bc1ed4"},
    {file = "grpcio-1.41.0-cp37-cp37m-manylinux_2_17_i686.manylinux2014_i686.whl", hash = "sha256:39ce785f0cbd07966a9019386b7a054615b2da63da3c7727f371304d000a1890"},
    {file = "grpcio-1.41.0-cp37-cp37m-manylinux_2_17_x86_64.manylinux2014_x86_64.whl", hash = "sha256:07594e585a5ba25cf331ddb63095ca51010c34e328a822cb772ffbd5daa62cb5"},
    {file = "grpcio-1.41.0-cp37-cp37m-win32.whl", hash = "sha256:3bbeee115b05b22f6a9fa9bc78f9ab8d9d6bb8c16fdfc60401fc8658beae1099"},
    {file = "grpcio-1.41.0-cp37-cp37m-win_amd64.whl", hash = "sha256:dcb5f324712a104aca4a459e524e535f205f36deb8005feb4f9d3ff0a22b5177"},
    {file = "grpcio-1.41.0-cp38-cp38-linux_armv7l.whl", hash = "sha256:83c1e731c2b76f26689ad88534cafefe105dcf385567bead08f5857cb308246b"},
    {file = "grpcio-1.41.0-cp38-cp38-macosx_10_10_x86_64.whl", hash = "sha256:5d4b30d068b022e412adcf9b14c0d9bcbc872e9745b91467edc0a4c700a8bba6"},
    {file = "grpcio-1.41.0-cp38-cp38-manylinux2010_i686.whl", hash = "sha256:d71aa430b2ac40e18e388504ac34cc91d49d811855ca507c463a21059bf364f0"},
    {file = "grpcio-1.41.0-cp38-cp38-manylinux2010_x86_64.whl", hash = "sha256:c8c5bc498f6506b6041c30afb7a55c57a9fd535d1a0ac7cdba9b5fd791a85633"},
    {file = "grpcio-1.41.0-cp38-cp38-manylinux_2_17_aarch64.whl", hash = "sha256:a144f6cecbb61aace12e5920840338a3d246123a41d795e316e2792e9775ad15"},
    {file = "grpcio-1.41.0-cp38-cp38-manylinux_2_17_i686.manylinux2014_i686.whl", hash = "sha256:e516124010ef60d5fc2e0de0f1f987599249dc55fd529001f17f776a4145767f"},
    {file = "grpcio-1.41.0-cp38-cp38-manylinux_2_17_x86_64.manylinux2014_x86_64.whl", hash = "sha256:c1e0a4c86d4cbd93059d5eeceed6e1c2e3e1494e1bf40be9b8ab14302c576162"},
    {file = "grpcio-1.41.0-cp38-cp38-win32.whl", hash = "sha256:a614224719579044bd7950554d3b4c1793bb5715cbf0f0399b1f21d283c40ef6"},
    {file = "grpcio-1.41.0-cp38-cp38-win_amd64.whl", hash = "sha256:b2de4e7b5a930be04a4d05c9f5fce7e9191217ccdc174b026c2a7928770dca9f"},
    {file = "grpcio-1.41.0-cp39-cp39-linux_armv7l.whl", hash = "sha256:056806e83eaa09d0af0e452dd353db8f7c90aa2dedcce1112a2d21592550f6b1"},
    {file = "grpcio-1.41.0-cp39-cp39-macosx_10_10_x86_64.whl", hash = "sha256:5502832b7cec670a880764f51a335a19b10ff5ab2e940e1ded67f39b88aa02b1"},
    {file = "grpcio-1.41.0-cp39-cp39-manylinux2010_i686.whl", hash = "sha256:585847ed190ea9cb4d632eb0ebf58f1d299bbca5e03284bc3d0fa08bab6ea365"},
    {file = "grpcio-1.41.0-cp39-cp39-manylinux2010_x86_64.whl", hash = "sha256:d0cc0393744ce3ce1b237ae773635cc928470ff46fb0d3f677e337a38e5ed4f6"},
    {file = "grpcio-1.41.0-cp39-cp39-manylinux_2_17_aarch64.whl", hash = "sha256:2882b62f74de8c8a4f7b2be066f6230ecc46f4edc8f42db1fb7358200abe3b25"},
    {file = "grpcio-1.41.0-cp39-cp39-manylinux_2_17_i686.manylinux2014_i686.whl", hash = "sha256:297ee755d3c6cd7e7d3770f298f4d4d4b000665943ae6d2888f7407418a9a510"},
    {file = "grpcio-1.41.0-cp39-cp39-manylinux_2_17_x86_64.manylinux2014_x86_64.whl", hash = "sha256:ace080a9c3c673c42adfd2116875a63fec9613797be01a6105acf7721ed0c693"},
    {file = "grpcio-1.41.0-cp39-cp39-win32.whl", hash = "sha256:1bcbeac764bbae329bc2cc9e95d0f4d3b0fb456b92cf12e7e06e3e860a4b31cf"},
    {file = "grpcio-1.41.0-cp39-cp39-win_amd64.whl", hash = "sha256:4537bb9e35af62c5189493792a8c34d127275a6d175c8ad48b6314cacba4021e"},
    {file = "grpcio-1.41.0.tar.gz", hash = "sha256:15c04d695833c739dbb25c88eaf6abd9a461ec0dbd32f44bc8769335a495cf5a"},
]
h5py = [
    {file = "h5py-3.1.0-cp36-cp36m-macosx_10_9_x86_64.whl", hash = "sha256:1cd367f89a5441236bdbb795e9fb9a9e3424929c00b4a54254ca760437f83d69"},
    {file = "h5py-3.1.0-cp36-cp36m-manylinux1_x86_64.whl", hash = "sha256:fea05349f63625a8fb808e57e42bb4c76930cf5d50ac58b678c52f913a48a89b"},
    {file = "h5py-3.1.0-cp36-cp36m-win_amd64.whl", hash = "sha256:2e37352ddfcf9d77a2a47f7c8f7e125c6d20cc06c2995edeb7be222d4e152636"},
    {file = "h5py-3.1.0-cp37-cp37m-macosx_10_9_x86_64.whl", hash = "sha256:e33f61d3eb862614c0f273a1f993a64dc2f093e1a3094932c50ada9d2db2170f"},
    {file = "h5py-3.1.0-cp37-cp37m-manylinux1_x86_64.whl", hash = "sha256:236ac8d943be30b617ab615c3d4a4bf4a438add2be87e54af3687ab721a18fac"},
    {file = "h5py-3.1.0-cp37-cp37m-win_amd64.whl", hash = "sha256:02c391fdb980762a1cc03a4bcaecd03dc463994a9a63a02264830114a96e111f"},
    {file = "h5py-3.1.0-cp38-cp38-macosx_10_9_x86_64.whl", hash = "sha256:f89a3dae38843ffa49d17a31a3509a8129e9b46ece602a0138e1ed79e685c361"},
    {file = "h5py-3.1.0-cp38-cp38-manylinux1_x86_64.whl", hash = "sha256:ba71f6229d2013fbb606476ecc29c6223fc16b244d35fcd8566ad9dbaf910857"},
    {file = "h5py-3.1.0-cp38-cp38-win_amd64.whl", hash = "sha256:dccb89358bc84abcd711363c3e138f9f4eccfdf866f2139a8e72308328765b2c"},
    {file = "h5py-3.1.0-cp39-cp39-macosx_10_9_x86_64.whl", hash = "sha256:cb74df83709d6d03d11e60b9480812f58da34f194beafa8c8314dbbeeedfe0a6"},
    {file = "h5py-3.1.0-cp39-cp39-manylinux1_x86_64.whl", hash = "sha256:80c623be10479e81b64fa713b7ed4c0bbe9f02e8e7d2a2e5382336087b615ce4"},
    {file = "h5py-3.1.0-cp39-cp39-win_amd64.whl", hash = "sha256:1cdfd1c5449ca1329d152f0b66830e93226ebce4f5e07dd8dc16bfc2b1a49d7b"},
    {file = "h5py-3.1.0.tar.gz", hash = "sha256:1e2516f190652beedcb8c7acfa1c6fa92d99b42331cbef5e5c7ec2d65b0fc3c2"},
]
keras-applications = [
    {file = "Keras_Applications-1.0.8-py3-none-any.whl", hash = "sha256:df4323692b8c1174af821bf906f1e442e63fa7589bf0f1230a0b6bdc5a810c95"},
    {file = "Keras_Applications-1.0.8.tar.gz", hash = "sha256:5579f9a12bcde9748f4a12233925a59b93b73ae6947409ff34aa2ba258189fe5"},
]
keras-preprocessing = [
    {file = "Keras_Preprocessing-1.1.2-py2.py3-none-any.whl", hash = "sha256:7b82029b130ff61cc99b55f3bd27427df4838576838c5b2f65940e4fcec99a7b"},
    {file = "Keras_Preprocessing-1.1.2.tar.gz", hash = "sha256:add82567c50c8bc648c14195bf544a5ce7c1f76761536956c3d2978970179ef3"},
]
markdown = [
    {file = "Markdown-3.3.4-py3-none-any.whl", hash = "sha256:96c3ba1261de2f7547b46a00ea8463832c921d3f9d6aba3f255a6f71386db20c"},
    {file = "Markdown-3.3.4.tar.gz", hash = "sha256:31b5b491868dcc87d6c24b7e3d19a0d730d59d3e46f4eea6430a321bed387a49"},
]
numpy = [
    {file = "numpy-1.21.1-cp37-cp37m-macosx_10_9_x86_64.whl", hash = "sha256:38e8648f9449a549a7dfe8d8755a5979b45b3538520d1e735637ef28e8c2dc50"},
    {file = "numpy-1.21.1-cp37-cp37m-manylinux_2_12_i686.manylinux2010_i686.whl", hash = "sha256:fd7d7409fa643a91d0a05c7554dd68aa9c9bb16e186f6ccfe40d6e003156e33a"},
    {file = "numpy-1.21.1-cp37-cp37m-manylinux_2_12_x86_64.manylinux2010_x86_64.whl", hash = "sha256:a75b4498b1e93d8b700282dc8e655b8bd559c0904b3910b144646dbbbc03e062"},
    {file = "numpy-1.21.1-cp37-cp37m-manylinux_2_17_aarch64.manylinux2014_aarch64.whl", hash = "sha256:1412aa0aec3e00bc23fbb8664d76552b4efde98fb71f60737c83efbac24112f1"},
    {file = "numpy-1.21.1-cp37-cp37m-manylinux_2_5_i686.manylinux1_i686.whl", hash = "sha256:e46ceaff65609b5399163de5893d8f2a82d3c77d5e56d976c8b5fb01faa6b671"},
    {file = "numpy-1.21.1-cp37-cp37m-manylinux_2_5_x86_64.manylinux1_x86_64.whl", hash = "sha256:c6a2324085dd52f96498419ba95b5777e40b6bcbc20088fddb9e8cbb58885e8e"},
    {file = "numpy-1.21.1-cp37-cp37m-win32.whl", hash = "sha256:73101b2a1fef16602696d133db402a7e7586654682244344b8329cdcbbb82172"},
    {file = "numpy-1.21.1-cp37-cp37m-win_amd64.whl", hash = "sha256:7a708a79c9a9d26904d1cca8d383bf869edf6f8e7650d85dbc77b041e8c5a0f8"},
    {file = "numpy-1.21.1-cp38-cp38-macosx_10_9_universal2.whl", hash = "sha256:95b995d0c413f5d0428b3f880e8fe1660ff9396dcd1f9eedbc311f37b5652e16"},
    {file = "numpy-1.21.1-cp38-cp38-macosx_10_9_x86_64.whl", hash = "sha256:635e6bd31c9fb3d475c8f44a089569070d10a9ef18ed13738b03049280281267"},
    {file = "numpy-1.21.1-cp38-cp38-macosx_11_0_arm64.whl", hash = "sha256:4a3d5fb89bfe21be2ef47c0614b9c9c707b7362386c9a3ff1feae63e0267ccb6"},
    {file = "numpy-1.21.1-cp38-cp38-manylinux_2_12_i686.manylinux2010_i686.whl", hash = "sha256:8a326af80e86d0e9ce92bcc1e65c8ff88297de4fa14ee936cb2293d414c9ec63"},
    {file = "numpy-1.21.1-cp38-cp38-manylinux_2_12_x86_64.manylinux2010_x86_64.whl", hash = "sha256:791492091744b0fe390a6ce85cc1bf5149968ac7d5f0477288f78c89b385d9af"},
    {file = "numpy-1.21.1-cp38-cp38-manylinux_2_17_aarch64.manylinux2014_aarch64.whl", hash = "sha256:0318c465786c1f63ac05d7c4dbcecd4d2d7e13f0959b01b534ea1e92202235c5"},
    {file = "numpy-1.21.1-cp38-cp38-manylinux_2_5_i686.manylinux1_i686.whl", hash = "sha256:9a513bd9c1551894ee3d31369f9b07460ef223694098cf27d399513415855b68"},
    {file = "numpy-1.21.1-cp38-cp38-manylinux_2_5_x86_64.manylinux1_x86_64.whl", hash = "sha256:91c6f5fc58df1e0a3cc0c3a717bb3308ff850abdaa6d2d802573ee2b11f674a8"},
    {file = "numpy-1.21.1-cp38-cp38-win32.whl", hash = "sha256:978010b68e17150db8765355d1ccdd450f9fc916824e8c4e35ee620590e234cd"},
    {file = "numpy-1.21.1-cp38-cp38-win_amd64.whl", hash = "sha256:9749a40a5b22333467f02fe11edc98f022133ee1bfa8ab99bda5e5437b831214"},
    {file = "numpy-1.21.1-cp39-cp39-macosx_10_9_universal2.whl", hash = "sha256:d7a4aeac3b94af92a9373d6e77b37691b86411f9745190d2c351f410ab3a791f"},
    {file = "numpy-1.21.1-cp39-cp39-macosx_10_9_x86_64.whl", hash = "sha256:d9e7912a56108aba9b31df688a4c4f5cb0d9d3787386b87d504762b6754fbb1b"},
    {file = "numpy-1.21.1-cp39-cp39-macosx_11_0_arm64.whl", hash = "sha256:25b40b98ebdd272bc3020935427a4530b7d60dfbe1ab9381a39147834e985eac"},
    {file = "numpy-1.21.1-cp39-cp39-manylinux_2_12_i686.manylinux2010_i686.whl", hash = "sha256:8a92c5aea763d14ba9d6475803fc7904bda7decc2a0a68153f587ad82941fec1"},
    {file = "numpy-1.21.1-cp39-cp39-manylinux_2_12_x86_64.manylinux2010_x86_64.whl", hash = "sha256:05a0f648eb28bae4bcb204e6fd14603de2908de982e761a2fc78efe0f19e96e1"},
    {file = "numpy-1.21.1-cp39-cp39-manylinux_2_17_aarch64.manylinux2014_aarch64.whl", hash = "sha256:f01f28075a92eede918b965e86e8f0ba7b7797a95aa8d35e1cc8821f5fc3ad6a"},
    {file = "numpy-1.21.1-cp39-cp39-win32.whl", hash = "sha256:88c0b89ad1cc24a5efbb99ff9ab5db0f9a86e9cc50240177a571fbe9c2860ac2"},
    {file = "numpy-1.21.1-cp39-cp39-win_amd64.whl", hash = "sha256:01721eefe70544d548425a07c80be8377096a54118070b8a62476866d5208e33"},
    {file = "numpy-1.21.1-pp37-pypy37_pp73-manylinux_2_12_x86_64.manylinux2010_x86_64.whl", hash = "sha256:2d4d1de6e6fb3d28781c73fbde702ac97f03d79e4ffd6598b880b2d95d62ead4"},
    {file = "numpy-1.21.1.zip", hash = "sha256:dff4af63638afcc57a3dfb9e4b26d434a7a602d225b42d746ea7fe2edf1342fd"},
]
opencv-python = [
    {file = "opencv-python-4.5.3.56.tar.gz", hash = "sha256:3c001d3feec7f3140f1fb78dfc52ca28122db8240826882d175a208a89d2731b"},
    {file = "opencv_python-4.5.3.56-cp36-cp36m-macosx_10_15_x86_64.whl", hash = "sha256:9a78558b5ae848386edbb843c761e5fed5a8480be9af16274a5a78838529edeb"},
    {file = "opencv_python-4.5.3.56-cp36-cp36m-manylinux2014_aarch64.whl", hash = "sha256:8d3282138f3a8646941089aae142684910ebe40776266448eab5f4bb609fc63f"},
    {file = "opencv_python-4.5.3.56-cp36-cp36m-manylinux2014_x86_64.whl", hash = "sha256:881f3d85269500e0c7d72b140a6ebb5c14a089f8140fb9da7ce01f12a245858e"},
    {file = "opencv_python-4.5.3.56-cp36-cp36m-win32.whl", hash = "sha256:f1bda4d144f5204e077ca4571453ebb2015e5748d5e0043386c92c2bbf7f52eb"},
    {file = "opencv_python-4.5.3.56-cp36-cp36m-win_amd64.whl", hash = "sha256:6763729fcfee2a08e069aa1982c9a8c1abf55b9cdf2fb9640eda1d85bdece19a"},
    {file = "opencv_python-4.5.3.56-cp37-cp37m-macosx_10_15_x86_64.whl", hash = "sha256:68813b720b88e4951e84399b9a8a7b532d45a07a96ea8f539636242f862e32e0"},
    {file = "opencv_python-4.5.3.56-cp37-cp37m-macosx_11_0_arm64.whl", hash = "sha256:c360cb76ad1ddbd5d2d3e730b42f2ff6e4be08ea6f4a6eefacca175d27467e8f"},
    {file = "opencv_python-4.5.3.56-cp37-cp37m-manylinux2014_aarch64.whl", hash = "sha256:437f30e300725e1d1b3744dbfbc66a523a4744792b58f3dbe1e9140c8f4dfba5"},
    {file = "opencv_python-4.5.3.56-cp37-cp37m-manylinux2014_x86_64.whl", hash = "sha256:e42c644a70d5c54f53a4b114dbd88b4eb83f42a9ca998f07bd5682f3f404efcc"},
    {file = "opencv_python-4.5.3.56-cp37-cp37m-win32.whl", hash = "sha256:f3ac2355217114a683f3f72a9c40a5890914a59c4a2df62e4083c66ff65c9cf9"},
    {file = "opencv_python-4.5.3.56-cp37-cp37m-win_amd64.whl", hash = "sha256:7f41b97d84ac66bdf13cb4d9f4dad3e159525ba1e3f421e670c787ce536eb70a"},
    {file = "opencv_python-4.5.3.56-cp38-cp38-macosx_10_15_x86_64.whl", hash = "sha256:cdc3363c2911d7cfc6c9f55308c51c2841a7aecbf0bf5e791499d220ce89d880"},
    {file = "opencv_python-4.5.3.56-cp38-cp38-macosx_11_0_arm64.whl", hash = "sha256:18a4a14015eee30d9cd514db8cdefbf594b1d5c234762d27abe512d62a333bc3"},
    {file = "opencv_python-4.5.3.56-cp38-cp38-manylinux2014_aarch64.whl", hash = "sha256:05c5139d620e8d02f7ce0921796d55736fa19fa15e2ec00a388db2eb1ae1e9a1"},
    {file = "opencv_python-4.5.3.56-cp38-cp38-manylinux2014_x86_64.whl", hash = "sha256:831b92fe63ce18dd628f71104da7e60596658b75e2fa16b83aefa3eb10c115e2"},
    {file = "opencv_python-4.5.3.56-cp38-cp38-win32.whl", hash = "sha256:e1f54736272830a1e895cedf7a4ee67737e31e966d380c82a81ef22515d043a3"},
    {file = "opencv_python-4.5.3.56-cp38-cp38-win_amd64.whl", hash = "sha256:b42bbba9f5421865377c7960bd4f3dd881003b322a6bf46ed2302b89224d102b"},
    {file = "opencv_python-4.5.3.56-cp39-cp39-macosx_10_15_x86_64.whl", hash = "sha256:5366fcd6eae4243add3c8c92142045850f1db8e464bcf0b75313e1596b2e3671"},
    {file = "opencv_python-4.5.3.56-cp39-cp39-macosx_11_0_arm64.whl", hash = "sha256:54c64e86a087841869901fd34462bb6bec01cd4652800fdf5d92fe7b0596c82f"},
    {file = "opencv_python-4.5.3.56-cp39-cp39-manylinux2014_aarch64.whl", hash = "sha256:8852be06c0749fef0d9c58f532bbcb0570968c59e41cf56b90f5c92593c6e108"},
    {file = "opencv_python-4.5.3.56-cp39-cp39-manylinux2014_x86_64.whl", hash = "sha256:8b5bc61be7fc8565140b746288b370a4bfdb4edb9d680b66bb914e7690485db1"},
    {file = "opencv_python-4.5.3.56-cp39-cp39-win32.whl", hash = "sha256:085232718f28bddd265da480874c37db5c7354cb08f23f4a68a8639b16276a89"},
    {file = "opencv_python-4.5.3.56-cp39-cp39-win_amd64.whl", hash = "sha256:205a73adb29c37e42475645519e612e843a985475da993d10b4d5daa6afec36a"},
]
opt-einsum = [
    {file = "opt_einsum-3.3.0-py3-none-any.whl", hash = "sha256:2455e59e3947d3c275477df7f5205b30635e266fe6dc300e3d9f9646bfcea147"},
    {file = "opt_einsum-3.3.0.tar.gz", hash = "sha256:59f6475f77bbc37dcf7cd748519c0ec60722e91e63ca114e68821c0c54a46549"},
]
protobuf = [
    {file = "protobuf-3.18.1-cp36-cp36m-macosx_10_9_x86_64.whl", hash = "sha256:fa6d1049d5315566f55c04d0b50c0033415144f96a9d25c820dc542fe2bb7f45"},
    {file = "protobuf-3.18.1-cp36-cp36m-manylinux_2_17_x86_64.manylinux2014_x86_64.whl", hash = "sha256:c0e2790c580070cff2921b93d562539ae027064340151c50db6aaf94c33048cd"},
    {file = "protobuf-3.18.1-cp36-cp36m-win32.whl", hash = "sha256:7e2f0677d68ecdd1cfda2abea65873f5bc7c3f5aae199404a3f5c1d1198c1a63"},
    {file = "protobuf-3.18.1-cp36-cp36m-win_amd64.whl", hash = "sha256:6f714f5de9d40b3bec90ede4a688cce52f637ccdc5403afcda1f67598f4fdcd7"},
    {file = "protobuf-3.18.1-cp37-cp37m-macosx_10_9_x86_64.whl", hash = "sha256:7a7be937c319146cc9f2626f0181e6809062c353e1fe449ecd0df374ba1036b2"},
    {file = "protobuf-3.18.1-cp37-cp37m-manylinux2014_aarch64.whl", hash = "sha256:10544fc7ace885a882623083c24da5b14148c77563acddc3c58d66f6153c09cd"},
    {file = "protobuf-3.18.1-cp37-cp37m-manylinux_2_17_x86_64.manylinux2014_x86_64.whl", hash = "sha256:e2ee8b11e3eb2ed38f12137c3c132270a0b1dd509e317228ac47b67f21a583f1"},
    {file = "protobuf-3.18.1-cp37-cp37m-win32.whl", hash = "sha256:c492c217d3f69f4d2d5619571e52ab98538edbf53caf67e53ea92bd0a3b5670f"},
    {file = "protobuf-3.18.1-cp37-cp37m-win_amd64.whl", hash = "sha256:3c1644f8a7f19b45c7a4c32278e2a55ae9e7e2f9e5f02d960a61f04a4890d3e6"},
    {file = "protobuf-3.18.1-cp38-cp38-macosx_10_9_x86_64.whl", hash = "sha256:e9ac691f7b24e4371dcd3980e4f5d6c840a2010da37986203053fee995786ec5"},
    {file = "protobuf-3.18.1-cp38-cp38-manylinux2014_aarch64.whl", hash = "sha256:93bad12895d8b0ebc66b605c2ef1802311595f881aef032d9f13282b7550e6b2"},
    {file = "protobuf-3.18.1-cp38-cp38-manylinux_2_17_x86_64.manylinux2014_x86_64.whl", hash = "sha256:0851b5b89191e1976d34fa2e8eb8659829dfb45252053224cf9df857fb5f6a45"},
    {file = "protobuf-3.18.1-cp38-cp38-win32.whl", hash = "sha256:09d9268f6f9da81b7657adcf2fb397524c82f20cdf9e0db3ff4e7567977abd67"},
    {file = "protobuf-3.18.1-cp38-cp38-win_amd64.whl", hash = "sha256:d6d927774c0ec746fed15a4faff5f44aad0b7a3421fadb6f3ae5ca1f2f8ae26e"},
    {file = "protobuf-3.18.1-cp39-cp39-macosx_10_9_x86_64.whl", hash = "sha256:4d19c9cb805fd2be1d59eee39e152367ee92a30167e77bd06c8819f8f0009a4c"},
    {file = "protobuf-3.18.1-cp39-cp39-manylinux2014_aarch64.whl", hash = "sha256:387f621bf7295a331f8c8a6962d097ceddeb85356792888cfa6a5c6bfc6886a4"},
    {file = "protobuf-3.18.1-cp39-cp39-manylinux_2_17_x86_64.manylinux2014_x86_64.whl", hash = "sha256:8c1c5d3966c856f60a9d8d62f4455d70c31026422acdd5c228edf22b65b16c38"},
    {file = "protobuf-3.18.1-cp39-cp39-win32.whl", hash = "sha256:f20f803892f2135e8b96dc58c9a0c6a7ad8436794bf8784af229498d939b4c77"},
    {file = "protobuf-3.18.1-cp39-cp39-win_amd64.whl", hash = "sha256:d76201380f41a2d83fb613a4683059d1fcafbe969518b3e409e279a8788fde2f"},
    {file = "protobuf-3.18.1-py2.py3-none-any.whl", hash = "sha256:61ca58e14033ca0dfa484a31d57237c1be3b6013454c7f53876a20fc88dd69b1"},
    {file = "protobuf-3.18.1.tar.gz", hash = "sha256:1c9bb40503751087300dd12ce2e90899d68628977905c76effc48e66d089391e"},
]
six = [
    {file = "six-1.15.0-py2.py3-none-any.whl", hash = "sha256:8b74bedcbbbaca38ff6d7491d76f2b06b3592611af620f8426e82dddb04a5ced"},
    {file = "six-1.15.0.tar.gz", hash = "sha256:30639c035cdb23534cd4aa2dd52c3bf48f06e5f4a941509c8bafd8ce11080259"},
]
tensorboard = [
    {file = "tensorboard-1.15.0-py2-none-any.whl", hash = "sha256:612b789386aa1b2c4804e1961273b37f8e4dd97613f98bc90ff0402d24627f50"},
    {file = "tensorboard-1.15.0-py3-none-any.whl", hash = "sha256:4cad2c65f6011e51609b463014c014fd7c6ddd9c1263af1d4f18dd97ed88c2bc"},
]
tensorflow-estimator = [
    {file = "tensorflow_estimator-1.15.1-py2.py3-none-any.whl", hash = "sha256:8853bfb7c3c96fbdc80b3d66c37a10af6ccbcd235dc87474764270c02a0f86b9"},
]
tensorflow-gpu = [
    {file = "tensorflow_gpu-1.15.3-cp35-cp35m-manylinux2010_x86_64.whl", hash = "sha256:8392caeb79e46a61bc8ada20a255cda0e6914a2bdfaae1639f1f0414f2b94cc1"},
    {file = "tensorflow_gpu-1.15.3-cp35-cp35m-win_amd64.whl", hash = "sha256:cb082f65f0f980bc4316f2e489acbf3737e69134ce5c94770b262186cf11d7ca"},
    {file = "tensorflow_gpu-1.15.3-cp36-cp36m-manylinux2010_x86_64.whl", hash = "sha256:3699dc51288bf6c9488681dd6458cf5d2d6c9d1e46433503e282de2e977ec9ce"},
    {file = "tensorflow_gpu-1.15.3-cp36-cp36m-win_amd64.whl", hash = "sha256:5fcca2d1f40a14077c3dbf1538d9ce720259f96b941a791e91fa11563db44196"},
    {file = "tensorflow_gpu-1.15.3-cp37-cp37m-manylinux2010_x86_64.whl", hash = "sha256:1fe69cc4c60f4cce9af9594bfc55970805a76c613b257ba2f7f1defc8d53b201"},
    {file = "tensorflow_gpu-1.15.3-cp37-cp37m-win_amd64.whl", hash = "sha256:2a276b5925447261f5666530b9bbb89837c083148fa82563e5c0d7399f7f5bae"},
]
termcolor = [
    {file = "termcolor-1.1.0.tar.gz", hash = "sha256:1d6d69ce66211143803fbc56652b41d73b4a400a2891d7bf7a1cdf4c02de613b"},
]
werkzeug = [
    {file = "Werkzeug-2.0.2-py3-none-any.whl", hash = "sha256:63d3dc1cf60e7b7e35e97fa9861f7397283b75d765afcaefd993d6046899de8f"},
    {file = "Werkzeug-2.0.2.tar.gz", hash = "sha256:aa2bb6fc8dee8d6c504c0ac1e7f5f7dc5810a9903e793b6f715a9f015bdadb9a"},
]
wrapt = [
    {file = "wrapt-1.12.1.tar.gz", hash = "sha256:b62ffa81fb85f4332a4f609cab4ac40709470da05643a082ec1eb88e6d9b97d7"},
]
